
Microsoft Visual Studio Solution File, Format Version 12.00
# Visual Studio Version 17
VisualStudioVersion = 17.11.35312.102
MinimumVisualStudioVersion = 10.0.40219.1
Project("{FAE04EC0-301F-11D3-BF4B-00C04F79EFBC}") = "Proyecto1", "Proyecto1\Proyecto1.csproj", "{376558C9-2E55-4A79-BBEF-F64014ED14CF}"
EndProject
Project("{FAE04EC0-301F-11D3-BF4B-00C04F79EFBC}") = "Proyecto2", "Proyecto2\Proyecto2.csproj", "{D8EDBC14-90EA-4469-A721-F1C82CFF9400}"
EndProject
Global
	GlobalSection(SolutionConfigurationPlatforms) = preSolution
		Debug|Any CPU = Debug|Any CPU
		Release|Any CPU = Release|Any CPU
	EndGlobalSection
	GlobalSection(ProjectConfigurationPlatforms) = postSolution
		{376558C9-2E55-4A79-BBEF-F64014ED14CF}.Debug|Any CPU.ActiveCfg = Debug|Any CPU
		{376558C9-2E55-4A79-BBEF-F64014ED14CF}.Debug|Any CPU.Build.0 = Debug|Any CPU
		{376558C9-2E55-4A79-BBEF-F64014ED14CF}.Release|Any CPU.ActiveCfg = Release|Any CPU
		{376558C9-2E55-4A79-BBEF-F64014ED14CF}.Release|Any CPU.Build.0 = Release|Any CPU
		{D8EDBC14-90EA-4469-A721-F1C82CFF9400}.Debug|Any CPU.ActiveCfg = Debug|Any CPU
		{D8EDBC14-90EA-4469-A721-F1C82CFF9400}.Debug|Any CPU.Build.0 = Debug|Any CPU
		{D8EDBC14-90EA-4469-A721-F1C82CFF9400}.Release|Any CPU.ActiveCfg = Release|Any CPU
		{D8EDBC14-90EA-4469-A721-F1C82CFF9400}.Release|Any CPU.Build.0 = Release|Any CPU
	EndGlobalSection
	GlobalSection(SolutionProperties) = preSolution
		HideSolutionNode = FALSE
	EndGlobalSection
	GlobalSection(ExtensibilityGlobals) = postSolution
		SolutionGuid = {F807D518-F890-403E-8CB8-8B031AEFAF87}
	EndGlobalSection
EndGlobal
